Microsoft Visual Studio Solution File, Format Version 12.00
# Visual Studio Version 17
VisualStudioVersion = 17.5.2.0
MinimumVisualStudioVersion = 10.0.40219.1
Project("{FAE04EC0-301F-11D3-BF4B-00C04F79EFBC}") = "AuthServer", "AuthServer\AuthServer.csproj", "{93A0D1CD-0C1B-6D73-3ADB-21BF52B73845}"
EndProject
Global
	GlobalSection(SolutionConfigurationPlatforms) = preSolution
		Debug|Any CPU = Debug|Any CPU
		Release|Any CPU = Release|Any CPU
	EndGlobalSection
	GlobalSection(ProjectConfigurationPlatforms) = postSolution
		{93A0D1CD-0C1B-6D73-3ADB-21BF52B73845}.Debug|Any CPU.ActiveCfg = Debug|Any CPU
		{93A0D1CD-0C1B-6D73-3ADB-21BF52B73845}.Debug|Any CPU.Build.0 = Debug|Any CPU
		{93A0D1CD-0C1B-6D73-3ADB-21BF52B73845}.Release|Any CPU.ActiveCfg = Release|Any CPU
		{93A0D1CD-0C1B-6D73-3ADB-21BF52B73845}.Release|Any CPU.Build.0 = Release|Any CPU
	EndGlobalSection
	GlobalSection(SolutionProperties) = preSolution
		HideSolutionNode = FALSE
	EndGlobalSection
	GlobalSection(ExtensibilityGlobals) = postSolution
		SolutionGuid = {3411AB31-6882-4D55-A782-77C29B5322DD}
	EndGlobalSection
EndGlobal
